# Generated by pub
# See http://pub.dartlang.org/doc/glossary.html#lockfile
packages:
  browser:
    description: browser
    source: hosted
    version: "0.5.11+1"
  game_loop:
    description: game_loop
    source: hosted
    version: "0.9.0"
  hart:
    description: hart
    source: hosted
    version: "0.0.5"
  meta:
    description: meta
    source: hosted
    version: "0.5.11+1"
  start:
    description:
      ref: null
      resolved-ref: "5027898bfb46504a79dde231f4878cd885109383"
      url: "https://github.com/MarkBennett/start.git"
    source: git
    version: "0.0.5"
  unittest:
    description: unittest
    source: hosted
    version: "0.5.11+1"
